{
  "name": "rd-utility-ahk",
  "version": "0.2.0",
  "lockfileVersion": 2,
  "requires": true,
  "packages": {
    "": {
      "name": "rd-utility-ahk",
      "version": "0.2.0",
      "license": "MIT",
      "dependencies": {
        "rd-regexp-ahk": "^0.1.2"
      },
      "devDependencies": {
        "unit-testing.ahk": "^0.6.1"
      }
    },
    "node_modules/rd-regexp-ahk": {
      "version": "0.1.2",
      "resolved": "https://registry.npmjs.org/rd-regexp-ahk/-/rd-regexp-ahk-0.1.2.tgz",
      "integrity": "sha512-N5OMpuVsWdY9wysLwXGPnRtQ88JMhdkyQID1xSUQEQyNAlUDpxIWHaV3ZbMEnVjoYLtQ/0qR4ekKujjjE1igTA=="
    },
    "node_modules/unit-testing.ahk": {
      "version": "0.6.1",
      "resolved": "https://registry.npmjs.org/unit-testing.ahk/-/unit-testing.ahk-0.6.1.tgz",
      "integrity": "sha512-FRoqL6kn+b2W1IajeRTVSdLJE0zk3SDNluSE7KLW9OScUuhFlKLqvIvmf97ZokmvnJmlZFfEU5gyRap6m+/fJw==",
      "dev": true
    }
  },
  "dependencies": {
    "rd-regexp-ahk": {
      "version": "0.1.2",
      "resolved": "https://registry.npmjs.org/rd-regexp-ahk/-/rd-regexp-ahk-0.1.2.tgz",
      "integrity": "sha512-N5OMpuVsWdY9wysLwXGPnRtQ88JMhdkyQID1xSUQEQyNAlUDpxIWHaV3ZbMEnVjoYLtQ/0qR4ekKujjjE1igTA=="
    },
    "unit-testing.ahk": {
      "version": "0.6.1",
      "resolved": "https://registry.npmjs.org/unit-testing.ahk/-/unit-testing.ahk-0.6.1.tgz",
      "integrity": "sha512-FRoqL6kn+b2W1IajeRTVSdLJE0zk3SDNluSE7KLW9OScUuhFlKLqvIvmf97ZokmvnJmlZFfEU5gyRap6m+/fJw==",
      "dev": true
    }
  }
}
